{
  "name": "hlj",
  "version": "0.3.1",
  "lockfileVersion": 1,
  "requires": true,
  "dependencies": {
    "child_process": {
      "version": "1.0.2",
      "resolved": "https://registry.npmjs.org/child_process/-/child_process-1.0.2.tgz",
      "integrity": "sha1-sffn/HPSXn/R1FWtyU4UODAYK1o="
    },
    "hlj": {
      "version": "0.2.3",
      "resolved": "https://registry.npmjs.org/hlj/-/hlj-0.2.3.tgz",
      "integrity": "sha512-Fx6hZJhmDbuPKFJaczH9jDLTYPgoskpYZrwY+s38Wu8xOciFazeKFZzHV9mIRFS13YuhezO+tbyR2c/yXKtnjQ==",
      "dev": true,
      "requires": {
        "child_process": "^1.0.2"
      }
    }
  }
}
