# THIS IS AN AUTOGENERATED FILE. DO NOT EDIT THIS FILE DIRECTLY.
# yarn lockfile v1


child_process@^1.0.2:
  version "1.0.2"
  resolved "https://registry.npm.taobao.org/child_process/download/child_process-1.0.2.tgz#b1f7e7fc73d25e7fd1d455adc94e143830182b5a"
  integrity sha1-sffn/HPSXn/R1FWtyU4UODAYK1o=

hlj@^0.2.0:
  version "0.2.1"
  resolved "https://registry.npm.taobao.org/hlj/download/hlj-0.2.1.tgz#817a77593a9fd7f31329b72634c69eb1d142012a"
  integrity sha1-gXp3WTqf1/MTKbcmNMaesdFCASo=
  dependencies:
    child_process "^1.0.2"
